
Microsoft Visual Studio Solution File, Format Version 12.00
# Visual Studio Version 17
VisualStudioVersion = 17.0.31912.275
MinimumVisualStudioVersion = 10.0.40219.1
Project("{FAE04EC0-301F-11D3-BF4B-00C04F79EFBC}") = "AplicacionPatrick.Android", "AplicacionPatrick\AplicacionPatrick.Android\AplicacionPatrick.Android.csproj", "{1234FB7C-5B73-4BFD-B2BC-FCA9CE1A87BA}"
EndProject
Project("{FAE04EC0-301F-11D3-BF4B-00C04F79EFBC}") = "AplicacionPatrick.iOS", "AplicacionPatrick\AplicacionPatrick.iOS\AplicacionPatrick.iOS.csproj", "{799EC8C5-D91C-4F2E-A92E-35A515AB85DB}"
EndProject
Project("{9A19103F-16F7-4668-BE54-9A1E7A4F7556}") = "AplicacionPatrick", "AplicacionPatrick\AplicacionPatrick\AplicacionPatrick.csproj", "{DDB9C2AA-ABD7-408A-9A49-8EDFFA899AF5}"
EndProject
Global
	GlobalSection(SolutionConfigurationPlatforms) = preSolution
		Debug|Any CPU = Debug|Any CPU
		Debug|iPhone = Debug|iPhone
		Debug|iPhoneSimulator = Debug|iPhoneSimulator
		Release|Any CPU = Release|Any CPU
		Release|iPhone = Release|iPhone
		Release|iPhoneSimulator = Release|iPhoneSimulator
	EndGlobalSection
	GlobalSection(ProjectConfigurationPlatforms) = postSolution
		{1234FB7C-5B73-4BFD-B2BC-FCA9CE1A87BA}.Debug|Any CPU.ActiveCfg = Debug|Any CPU
		{1234FB7C-5B73-4BFD-B2BC-FCA9CE1A87BA}.Debug|Any CPU.Build.0 = Debug|Any CPU
		{1234FB7C-5B73-4BFD-B2BC-FCA9CE1A87BA}.Debug|Any CPU.Deploy.0 = Debug|Any CPU
		{1234FB7C-5B73-4BFD-B2BC-FCA9CE1A87BA}.Debug|iPhone.ActiveCfg = Debug|Any CPU
		{1234FB7C-5B73-4BFD-B2BC-FCA9CE1A87BA}.Debug|iPhone.Build.0 = Debug|Any CPU
		{1234FB7C-5B73-4BFD-B2BC-FCA9CE1A87BA}.Debug|iPhone.Deploy.0 = Debug|Any CPU
		{1234FB7C-5B73-4BFD-B2BC-FCA9CE1A87BA}.Debug|iPhoneSimulator.ActiveCfg = Debug|Any CPU
		{1234FB7C-5B73-4BFD-B2BC-FCA9CE1A87BA}.Debug|iPhoneSimulator.Build.0 = Debug|Any CPU
		{1234FB7C-5B73-4BFD-B2BC-FCA9CE1A87BA}.Debug|iPhoneSimulator.Deploy.0 = Debug|Any CPU
		{1234FB7C-5B73-4BFD-B2BC-FCA9CE1A87BA}.Release|Any CPU.ActiveCfg = Release|Any CPU
		{1234FB7C-5B73-4BFD-B2BC-FCA9CE1A87BA}.Release|Any CPU.Build.0 = Release|Any CPU
		{1234FB7C-5B73-4BFD-B2BC-FCA9CE1A87BA}.Release|Any CPU.Deploy.0 = Release|Any CPU
		{1234FB7C-5B73-4BFD-B2BC-FCA9CE1A87BA}.Release|iPhone.ActiveCfg = Release|Any CPU
		{1234FB7C-5B73-4BFD-B2BC-FCA9CE1A87BA}.Release|iPhone.Build.0 = Release|Any CPU
		{1234FB7C-5B73-4BFD-B2BC-FCA9CE1A87BA}.Release|iPhone.Deploy.0 = Release|Any CPU
		{1234FB7C-5B73-4BFD-B2BC-FCA9CE1A87BA}.Release|iPhoneSimulator.ActiveCfg = Release|Any CPU
		{1234FB7C-5B73-4BFD-B2BC-FCA9CE1A87BA}.Release|iPhoneSimulator.Build.0 = Release|Any CPU
		{1234FB7C-5B73-4BFD-B2BC-FCA9CE1A87BA}.Release|iPhoneSimulator.Deploy.0 = Release|Any CPU
		{799EC8C5-D91C-4F2E-A92E-35A515AB85DB}.Debug|Any CPU.ActiveCfg = Debug|iPhone
		{799EC8C5-D91C-4F2E-A92E-35A515AB85DB}.Debug|Any CPU.Build.0 = Debug|iPhone
		{799EC8C5-D91C-4F2E-A92E-35A515AB85DB}.Debug|Any CPU.Deploy.0 = Debug|iPhone
		{799EC8C5-D91C-4F2E-A92E-35A515AB85DB}.Debug|iPhone.ActiveCfg = Debug|iPhone
		{799EC8C5-D91C-4F2E-A92E-35A515AB85DB}.Debug|iPhone.Build.0 = Debug|iPhone
		{799EC8C5-D91C-4F2E-A92E-35A515AB85DB}.Debug|iPhone.Deploy.0 = Debug|iPhone
		{799EC8C5-D91C-4F2E-A92E-35A515AB85DB}.Debug|iPhoneSimulator.ActiveCfg = Debug|iPhoneSimulator
		{799EC8C5-D91C-4F2E-A92E-35A515AB85DB}.Debug|iPhoneSimulator.Build.0 = Debug|iPhoneSimulator
		{799EC8C5-D91C-4F2E-A92E-35A515AB85DB}.Debug|iPhoneSimulator.Deploy.0 = Debug|iPhoneSimulator
		{799EC8C5-D91C-4F2E-A92E-35A515AB85DB}.Release|Any CPU.ActiveCfg = Release|iPhoneSimulator
		{799EC8C5-D91C-4F2E-A92E-35A515AB85DB}.Release|Any CPU.Build.0 = Release|iPhoneSimulator
		{799EC8C5-D91C-4F2E-A92E-35A515AB85DB}.Release|Any CPU.Deploy.0 = Release|iPhoneSimulator
		{799EC8C5-D91C-4F2E-A92E-35A515AB85DB}.Release|iPhone.ActiveCfg = Release|iPhone
		{799EC8C5-D91C-4F2E-A92E-35A515AB85DB}.Release|iPhone.Build.0 = Release|iPhone
		{799EC8C5-D91C-4F2E-A92E-35A515AB85DB}.Release|iPhone.Deploy.0 = Release|iPhone
		{799EC8C5-D91C-4F2E-A92E-35A515AB85DB}.Release|iPhoneSimulator.ActiveCfg = Release|iPhoneSimulator
		{799EC8C5-D91C-4F2E-A92E-35A515AB85DB}.Release|iPhoneSimulator.Build.0 = Release|iPhoneSimulator
		{799EC8C5-D91C-4F2E-A92E-35A515AB85DB}.Release|iPhoneSimulator.Deploy.0 = Release|iPhoneSimulator
		{DDB9C2AA-ABD7-408A-9A49-8EDFFA899AF5}.Debug|Any CPU.ActiveCfg = Debug|Any CPU
		{DDB9C2AA-ABD7-408A-9A49-8EDFFA899AF5}.Debug|Any CPU.Build.0 = Debug|Any CPU
		{DDB9C2AA-ABD7-408A-9A49-8EDFFA899AF5}.Debug|Any CPU.Deploy.0 = Debug|Any CPU
		{DDB9C2AA-ABD7-408A-9A49-8EDFFA899AF5}.Debug|iPhone.ActiveCfg = Debug|Any CPU
		{DDB9C2AA-ABD7-408A-9A49-8EDFFA899AF5}.Debug|iPhone.Build.0 = Debug|Any CPU
		{DDB9C2AA-ABD7-408A-9A49-8EDFFA899AF5}.Debug|iPhone.Deploy.0 = Debug|Any CPU
		{DDB9C2AA-ABD7-408A-9A49-8EDFFA899AF5}.Debug|iPhoneSimulator.ActiveCfg = Debug|Any CPU
		{DDB9C2AA-ABD7-408A-9A49-8EDFFA899AF5}.Debug|iPhoneSimulator.Build.0 = Debug|Any CPU
		{DDB9C2AA-ABD7-408A-9A49-8EDFFA899AF5}.Debug|iPhoneSimulator.Deploy.0 = Debug|Any CPU
		{DDB9C2AA-ABD7-408A-9A49-8EDFFA899AF5}.Release|Any CPU.ActiveCfg = Release|Any CPU
		{DDB9C2AA-ABD7-408A-9A49-8EDFFA899AF5}.Release|Any CPU.Build.0 = Release|Any CPU
		{DDB9C2AA-ABD7-408A-9A49-8EDFFA899AF5}.Release|Any CPU.Deploy.0 = Release|Any CPU
		{DDB9C2AA-ABD7-408A-9A49-8EDFFA899AF5}.Release|iPhone.ActiveCfg = Release|Any CPU
		{DDB9C2AA-ABD7-408A-9A49-8EDFFA899AF5}.Release|iPhone.Build.0 = Release|Any CPU
		{DDB9C2AA-ABD7-408A-9A49-8EDFFA899AF5}.Release|iPhone.Deploy.0 = Release|Any CPU
		{DDB9C2AA-ABD7-408A-9A49-8EDFFA899AF5}.Release|iPhoneSimulator.ActiveCfg = Release|Any CPU
		{DDB9C2AA-ABD7-408A-9A49-8EDFFA899AF5}.Release|iPhoneSimulator.Build.0 = Release|Any CPU
		{DDB9C2AA-ABD7-408A-9A49-8EDFFA899AF5}.Release|iPhoneSimulator.Deploy.0 = Release|Any CPU
	EndGlobalSection
	GlobalSection(SolutionProperties) = preSolution
		HideSolutionNode = FALSE
	EndGlobalSection
	GlobalSection(ExtensibilityGlobals) = postSolution
		SolutionGuid = {F839E969-15CA-4A17-A424-899F209EA714}
	EndGlobalSection
EndGlobal
